
Microsoft Visual Studio Solution File, Format Version 12.00
# Visual Studio Version 17
VisualStudioVersion = 17.2.32526.322
MinimumVisualStudioVersion = 10.0.40219.1
Project("{FAE04EC0-301F-11D3-BF4B-00C04F79EFBC}") = "e-Commerce", "e-Commerce\e-Commerce.csproj", "{0CABADB3-BFE9-4EDD-9BC2-B40F1378F1AE}"
EndProject
Global
	GlobalSection(SolutionConfigurationPlatforms) = preSolution
		Debug|Any CPU = Debug|Any CPU
		Release|Any CPU = Release|Any CPU
	EndGlobalSection
	GlobalSection(ProjectConfigurationPlatforms) = postSolution
		{0CABADB3-BFE9-4EDD-9BC2-B40F1378F1AE}.Debug|Any CPU.ActiveCfg = Debug|Any CPU
		{0CABADB3-BFE9-4EDD-9BC2-B40F1378F1AE}.Debug|Any CPU.Build.0 = Debug|Any CPU
		{0CABADB3-BFE9-4EDD-9BC2-B40F1378F1AE}.Release|Any CPU.ActiveCfg = Release|Any CPU
		{0CABADB3-BFE9-4EDD-9BC2-B40F1378F1AE}.Release|Any CPU.Build.0 = Release|Any CPU
	EndGlobalSection
	GlobalSection(SolutionProperties) = preSolution
		HideSolutionNode = FALSE
	EndGlobalSection
	GlobalSection(ExtensibilityGlobals) = postSolution
		SolutionGuid = {96A5E47C-B9DC-444A-B777-6113E8E6C0AD}
	EndGlobalSection
EndGlobal
